
Microsoft Visual Studio Solution File, Format Version 12.00
# Visual Studio 15
Project("{FAE04EC0-301F-11D3-BF4B-00C04F79EFBC}") = "YarnSpinnerConsole", "YarnSpinnerConsole.csproj", "{F7775E4E-CA94-4C7D-8AD3-22F1AB3DB3B0}"
EndProject
Global
	GlobalSection(SolutionConfigurationPlatforms) = preSolution
		Debug|x86 = Debug|x86
		Release|x86 = Release|x86
		Debug|Any CPU = Debug|Any CPU
		Release|Any CPU = Release|Any CPU
	EndGlobalSection
	GlobalSection(ProjectConfigurationPlatforms) = postSolution
		{F7775E4E-CA94-4C7D-8AD3-22F1AB3DB3B0}.Debug|x86.ActiveCfg = Debug|Any CPU
		{F7775E4E-CA94-4C7D-8AD3-22F1AB3DB3B0}.Debug|x86.Build.0 = Debug|Any CPU
		{F7775E4E-CA94-4C7D-8AD3-22F1AB3DB3B0}.Release|x86.ActiveCfg = Release|x86
		{F7775E4E-CA94-4C7D-8AD3-22F1AB3DB3B0}.Release|x86.Build.0 = Release|x86
		{F7775E4E-CA94-4C7D-8AD3-22F1AB3DB3B0}.Debug|Any CPU.ActiveCfg = Debug|Any CPU
		{F7775E4E-CA94-4C7D-8AD3-22F1AB3DB3B0}.Debug|Any CPU.Build.0 = Debug|Any CPU
		{F7775E4E-CA94-4C7D-8AD3-22F1AB3DB3B0}.Release|Any CPU.ActiveCfg = Release|Any CPU
		{F7775E4E-CA94-4C7D-8AD3-22F1AB3DB3B0}.Release|Any CPU.Build.0 = Release|Any CPU
	EndGlobalSection
	GlobalSection(MonoDevelopProperties) = preSolution
		Policies = $0
		$0.DotNetNamingPolicy = $1
		$1.DirectoryNamespaceAssociation = PrefixedHierarchical
		$0.StandardHeader = $2
		$0.VersionControlPolicy = $3
	EndGlobalSection
EndGlobal
